
Microsoft Visual Studio Solution File, Format Version 12.00
# Visual Studio Version 16
VisualStudioVersion = 25.0.1704.0
MinimumVisualStudioVersion = 10.0.40219.1
Project("{FAE04EC0-301F-11D3-BF4B-00C04F79EFBC}") = "MockAPI", "MockAPI\MockAPI.csproj", "{C1F12F40-E08E-4963-B1B1-4996604A982E}"
EndProject
Global
	GlobalSection(SolutionConfigurationPlatforms) = preSolution
		Debug|Any CPU = Debug|Any CPU
		Release|Any CPU = Release|Any CPU
	EndGlobalSection
	GlobalSection(ProjectConfigurationPlatforms) = postSolution
		{C1F12F40-E08E-4963-B1B1-4996604A982E}.Debug|Any CPU.ActiveCfg = Debug|Any CPU
		{C1F12F40-E08E-4963-B1B1-4996604A982E}.Debug|Any CPU.Build.0 = Debug|Any CPU
		{C1F12F40-E08E-4963-B1B1-4996604A982E}.Release|Any CPU.ActiveCfg = Release|Any CPU
		{C1F12F40-E08E-4963-B1B1-4996604A982E}.Release|Any CPU.Build.0 = Release|Any CPU
	EndGlobalSection
	GlobalSection(SolutionProperties) = preSolution
		HideSolutionNode = FALSE
	EndGlobalSection
	GlobalSection(ExtensibilityGlobals) = postSolution
		SolutionGuid = {B0563D6C-78E5-4404-9745-208BD61C3910}
	EndGlobalSection
EndGlobal
